# models.lock — pinned hosted model ids used by the LLM routing registry.
# GENERATED by scripts/write_models_lock.py from api.providers.registry — do not edit by hand
# (run `make models-lock`).
#
# NOTE: hosted model ids can drift or be deprecated server-side. This file pins the *intended*
# ids only; the eval harness (M8) is the monitor of record for behavioural regressions.

[balanced]
claude-haiku-4-5
claude-sonnet-5

# balanced role routing:
#   intake       -> claude-haiku-4-5 (temp=0.0)
#   extraction   -> claude-sonnet-5 (effort=medium)
#   resolution   -> claude-sonnet-5 (effort=medium)
#   steward      -> claude-haiku-4-5 (temp=0.0)
#   router       -> claude-haiku-4-5 (temp=0.0)
#   analyst      -> claude-sonnet-5 (effort=high)
#   synthesizer  -> claude-sonnet-5 (effort=medium)
#   impact       -> claude-sonnet-5 (effort=high)

[quality-max]
claude-haiku-4-5
claude-opus-5

# quality-max role routing:
#   intake       -> claude-haiku-4-5 (temp=0.0)
#   extraction   -> claude-opus-5 (effort=medium)
#   resolution   -> claude-opus-5 (effort=medium)
#   steward      -> claude-haiku-4-5 (temp=0.0)
#   router       -> claude-haiku-4-5 (temp=0.0)
#   analyst      -> claude-opus-5 (effort=high)
#   synthesizer  -> claude-opus-5 (effort=medium)
#   impact       -> claude-opus-5 (effort=high)
